
Microsoft Visual Studio Solution File, Format Version 12.00
# Visual Studio Version 17
VisualStudioVersion = 17.10.35122.118
MinimumVisualStudioVersion = 10.0.40219.1
Project("{FAE04EC0-301F-11D3-BF4B-00C04F79EFBC}") = "EcommerceWeb", "EcommerceWeb.csproj", "{C51C6F6B-DCE4-40F9-B5A3-1E3363B6DE24}"
EndProject
Global
	GlobalSection(SolutionConfigurationPlatforms) = preSolution
		Debug|Any CPU = Debug|Any CPU
		Release|Any CPU = Release|Any CPU
	EndGlobalSection
	GlobalSection(ProjectConfigurationPlatforms) = postSolution
		{C51C6F6B-DCE4-40F9-B5A3-1E3363B6DE24}.Debug|Any CPU.ActiveCfg = Debug|Any CPU
		{C51C6F6B-DCE4-40F9-B5A3-1E3363B6DE24}.Debug|Any CPU.Build.0 = Debug|Any CPU
		{C51C6F6B-DCE4-40F9-B5A3-1E3363B6DE24}.Release|Any CPU.ActiveCfg = Release|Any CPU
		{C51C6F6B-DCE4-40F9-B5A3-1E3363B6DE24}.Release|Any CPU.Build.0 = Release|Any CPU
	EndGlobalSection
	GlobalSection(SolutionProperties) = preSolution
		HideSolutionNode = FALSE
	EndGlobalSection
	GlobalSection(ExtensibilityGlobals) = postSolution
		SolutionGuid = {A0DAE789-E9B3-417B-BCDE-492733B10CC4}
	EndGlobalSection
EndGlobal
